# This file may be used to create an environment using:
# $ conda create --name <env> --file <this file>
# platform: osx-64
@EXPLICIT
https://conda.anaconda.org/conda-forge/osx-64/bzip2-1.0.8-haf1e3a3_3.tar.bz2
https://conda.anaconda.org/conda-forge/osx-64/c-ares-1.16.1-haf1e3a3_3.tar.bz2
https://conda.anaconda.org/conda-forge/osx-64/ca-certificates-2020.6.20-hecda079_0.tar.bz2
https://conda.anaconda.org/conda-forge/osx-64/giflib-5.2.1-h0b31af3_2.tar.bz2
https://conda.anaconda.org/conda-forge/osx-64/git-lfs-2.11.0-0.tar.bz2
https://conda.anaconda.org/conda-forge/osx-64/jpeg-9d-h0b31af3_0.tar.bz2
https://conda.anaconda.org/conda-forge/osx-64/jxrlib-1.1-h0b31af3_2.tar.bz2
https://conda.anaconda.org/conda-forge/osx-64/libapr-1.6.5-haf1e3a3_2.tar.bz2
https://conda.anaconda.org/conda-forge/osx-64/libapriconv-1.2.2-haf1e3a3_2.tar.bz2
https://conda.anaconda.org/conda-forge/osx-64/libcxx-11.0.0-h439d374_0.tar.bz2
https://conda.anaconda.org/conda-forge/osx-64/libev-4.33-haf1e3a3_1.tar.bz2
https://conda.anaconda.org/conda-forge/noarch/libgfortran-devel_osx-64-7.5.0-h50e675f_13.tar.bz2
https://conda.anaconda.org/conda-forge/osx-64/libiconv-1.16-haf1e3a3_0.tar.bz2
https://conda.anaconda.org/conda-forge/osx-64/libutf8proc-2.5.0-haf1e3a3_2.tar.bz2
https://conda.anaconda.org/conda-forge/osx-64/libuv-1.40.0-h22f3db7_0.tar.bz2
https://conda.anaconda.org/conda-forge/osx-64/libwebp-base-1.1.0-h0b31af3_3.tar.bz2
https://conda.anaconda.org/conda-forge/osx-64/llvm-openmp-11.0.0-h73239a0_1.tar.bz2
https://conda.anaconda.org/conda-forge/osx-64/make-4.3-h22f3db7_1.tar.bz2
https://conda.anaconda.org/conda-forge/osx-64/mpi-1.0-mpich.tar.bz2
https://conda.anaconda.org/conda-forge/osx-64/ncurses-6.2-hb1e8313_2.tar.bz2
https://conda.anaconda.org/conda-forge/osx-64/oniguruma-6.9.3-h01d97ff_0.tar.bz2
https://conda.anaconda.org/conda-forge/osx-64/perl-5.26.2-hbcb3906_1007.tar.bz2
https://conda.anaconda.org/conda-forge/osx-64/pthread-stubs-0.4-h1de35cc_1001.tar.bz2
https://conda.anaconda.org/conda-forge/osx-64/rhash-1.3.6-haf1e3a3_1001.tar.bz2
https://conda.anaconda.org/conda-forge/osx-64/xorg-kbproto-1.0.7-h1de35cc_1002.tar.bz2
https://conda.anaconda.org/conda-forge/osx-64/xorg-libxau-1.0.9-h1de35cc_0.tar.bz2
https://conda.anaconda.org/conda-forge/osx-64/xorg-libxdmcp-1.1.3-h01d97ff_0.tar.bz2
https://conda.anaconda.org/conda-forge/osx-64/xorg-xproto-7.0.31-h1de35cc_1007.tar.bz2
https://conda.anaconda.org/conda-forge/osx-64/xz-5.2.5-haf1e3a3_1.tar.bz2
https://conda.anaconda.org/conda-forge/osx-64/yaml-0.2.5-haf1e3a3_0.tar.bz2
https://conda.anaconda.org/conda-forge/osx-64/zlib-1.2.11-h7795811_1010.tar.bz2
https://conda.anaconda.org/conda-forge/osx-64/abseil-cpp-20200225.2-hb1e8313_2.tar.bz2
https://conda.anaconda.org/conda-forge/osx-64/aws-c-common-0.4.59-hb1e8313_0.tar.bz2
https://conda.anaconda.org/conda-forge/osx-64/blosc-1.20.1-hb1e8313_0.tar.bz2
https://conda.anaconda.org/conda-forge/osx-64/brotli-1.0.9-hb1e8313_3.tar.bz2
https://conda.anaconda.org/conda-forge/osx-64/charls-2.1.0-h4a8c4bd_2.tar.bz2
https://conda.anaconda.org/conda-forge/osx-64/doxygen-1.8.20-hcdbd15d_0.tar.bz2
https://conda.anaconda.org/conda-forge/osx-64/eigen-3.3.8-h879752b_0.tar.bz2
https://conda.anaconda.org/conda-forge/osx-64/expat-2.2.9-hb1e8313_2.tar.bz2
https://conda.anaconda.org/conda-forge/osx-64/gflags-2.2.2-hb1e8313_1004.tar.bz2
https://conda.anaconda.org/conda-forge/osx-64/gmp-6.2.0-hb1e8313_3.tar.bz2
https://conda.anaconda.org/conda-forge/osx-64/icu-67.1-hb1e8313_0.tar.bz2
https://conda.anaconda.org/conda-forge/osx-64/isl-0.22.1-hb1e8313_2.tar.bz2
https://conda.anaconda.org/conda-forge/osx-64/jq-1.6-h1de35cc_1000.tar.bz2
https://conda.anaconda.org/conda-forge/osx-64/lerc-2.2-hb1e8313_0.tar.bz2
https://conda.anaconda.org/conda-forge/osx-64/libaec-1.0.4-h4a8c4bd_1.tar.bz2
https://conda.anaconda.org/conda-forge/osx-64/libedit-3.1.20191231-h0678c8f_2.tar.bz2
https://conda.anaconda.org/conda-forge/osx-64/libffi-3.2.1-hb1e8313_1007.tar.bz2
https://conda.anaconda.org/conda-forge/osx-64/libgfortran4-7.5.0-h50e675f_13.tar.bz2
https://conda.anaconda.org/conda-forge/osx-64/libllvm10-10.0.1-h009f743_3.tar.bz2
https://conda.anaconda.org/conda-forge/osx-64/libpng-1.6.37-hb0a8c7a_2.tar.bz2
https://conda.anaconda.org/conda-forge/osx-64/libprotobuf-3.13.0.1-hab81aa3_0.tar.bz2
https://conda.anaconda.org/conda-forge/osx-64/libxcb-1.13-h1de35cc_1002.tar.bz2
https://conda.anaconda.org/conda-forge/osx-64/libzopfli-1.0.3-h4a8c4bd_0.tar.bz2
https://conda.anaconda.org/conda-forge/osx-64/lz4-c-1.9.2-hb1e8313_3.tar.bz2
https://conda.anaconda.org/conda-forge/osx-64/minuit2_standalone-6.18.00-h6de7cb9_101.tar.bz2
https://conda.anaconda.org/conda-forge/osx-64/openssl-1.1.1h-haf1e3a3_0.tar.bz2
https://conda.anaconda.org/conda-forge/osx-64/pcre-8.44-hb1e8313_0.tar.bz2
https://conda.anaconda.org/conda-forge/osx-64/re2-2020.10.01-hb1e8313_0.tar.bz2
https://conda.anaconda.org/conda-forge/osx-64/readline-8.0-h0678c8f_2.tar.bz2
https://conda.anaconda.org/conda-forge/osx-64/snappy-1.1.8-hb1e8313_3.tar.bz2
https://conda.anaconda.org/conda-forge/osx-64/starlink-ast-9.2.3-haf1e3a3_0.tar.bz2
https://conda.anaconda.org/conda-forge/osx-64/tapi-1000.10.8-h879752b_4.tar.bz2
https://conda.anaconda.org/conda-forge/osx-64/tk-8.6.10-hb0a8c7a_1.tar.bz2
https://conda.anaconda.org/conda-forge/osx-64/xpa-2.1.20-h4a8c4bd_0.tar.bz2
https://conda.anaconda.org/conda-forge/osx-64/zfp-0.5.5-hb1e8313_4.tar.bz2
https://conda.anaconda.org/conda-forge/osx-64/aws-checksums-0.1.9-h2b6ece3_2.tar.bz2
https://conda.anaconda.org/conda-forge/osx-64/brunsli-0.1-hb1e8313_0.tar.bz2
https://conda.anaconda.org/conda-forge/osx-64/freetype-2.10.4-ha233b18_0.tar.bz2
https://conda.anaconda.org/conda-forge/osx-64/gettext-0.19.8.1-haf92f58_1004.tar.bz2
https://conda.anaconda.org/conda-forge/osx-64/glog-0.4.0-hb7f4fc5_3.tar.bz2
https://conda.anaconda.org/conda-forge/osx-64/grpc-cpp-1.33.2-hecf032b_0.tar.bz2
https://conda.anaconda.org/conda-forge/osx-64/krb5-1.17.1-h75d18d8_3.tar.bz2
https://conda.anaconda.org/conda-forge/osx-64/ld64_osx-64-530-h3c32e8a_7.tar.bz2
https://conda.anaconda.org/conda-forge/osx-64/libaprutil-1.6.1-h58de207_2.tar.bz2
https://conda.anaconda.org/conda-forge/osx-64/libclang-cpp10-10.0.1-default_hf57f61e_1.tar.bz2
https://conda.anaconda.org/conda-forge/osx-64/libevent-2.1.10-hddc9c9b_3.tar.bz2
https://conda.anaconda.org/conda-forge/osx-64/libgfortran-4.0.0-h50e675f_13.tar.bz2
https://conda.anaconda.org/conda-forge/osx-64/libnghttp2-1.41.0-h7580e61_2.tar.bz2
https://conda.anaconda.org/conda-forge/osx-64/libssh2-1.9.0-h8a08a2b_5.tar.bz2
https://conda.anaconda.org/conda-forge/osx-64/llvm-tools-10.0.1-h1341992_3.tar.bz2
https://conda.anaconda.org/conda-forge/osx-64/minuit2-6.18.00-minuit2_standalone.tar.bz2
https://conda.anaconda.org/conda-forge/osx-64/mpfr-4.0.2-h72d8aaf_1.tar.bz2
https://conda.anaconda.org/conda-forge/osx-64/sqlite-3.33.0-h960bd1c_1.tar.bz2
https://conda.anaconda.org/conda-forge/osx-64/xorg-libx11-1.6.12-haf1e3a3_0.tar.bz2
https://conda.anaconda.org/conda-forge/osx-64/zstd-1.4.5-h289c70a_2.tar.bz2
https://conda.anaconda.org/conda-forge/osx-64/apr-1.6.5-haf1e3a3_2.tar.bz2
https://conda.anaconda.org/conda-forge/osx-64/aws-c-event-stream-0.1.6-h4280160_5.tar.bz2
https://conda.anaconda.org/conda-forge/osx-64/boost-cpp-1.70.0-hef959ae_3.tar.bz2
https://conda.anaconda.org/conda-forge/osx-64/cctools_osx-64-949.0.1-h5ba7a2e_7.tar.bz2
https://conda.anaconda.org/conda-forge/osx-64/clang-10.0.1-default_hf57f61e_1.tar.bz2
https://conda.anaconda.org/conda-forge/osx-64/fftw-3.3.8-nompi_h8173822_1112.tar.bz2
https://conda.anaconda.org/conda-forge/osx-64/ld64-530-7.tar.bz2
https://conda.anaconda.org/conda-forge/osx-64/libcurl-7.71.1-h9bf37e3_8.tar.bz2
https://conda.anaconda.org/conda-forge/osx-64/libopenblas-0.3.12-openmp_h63d9170_1.tar.bz2
https://conda.anaconda.org/conda-forge/osx-64/libpq-12.3-haa216e0_2.tar.bz2
https://conda.anaconda.org/conda-forge/osx-64/libthrift-0.13.0-h990abc0_6.tar.bz2
https://conda.anaconda.org/conda-forge/osx-64/libtiff-4.1.0-h2ae36a8_6.tar.bz2
https://conda.anaconda.org/conda-forge/osx-64/mpc-1.1.0-ha57cd0f_1009.tar.bz2
https://conda.anaconda.org/conda-forge/osx-64/mpich-3.3.2-hc856adb_3.tar.bz2
https://conda.anaconda.org/conda-forge/osx-64/orc-1.6.5-h4465734_0.tar.bz2
https://conda.anaconda.org/conda-forge/osx-64/pgplot-5.2.2-ha010686_1007.tar.bz2
https://conda.anaconda.org/conda-forge/osx-64/python-3.8.6-hcfdab8c_0_cpython.tar.bz2
https://conda.anaconda.org/conda-forge/noarch/apipkg-1.5-py_0.tar.bz2
https://conda.anaconda.org/conda-forge/noarch/appdirs-1.4.4-pyh9f0ad1d_0.tar.bz2
https://conda.anaconda.org/conda-forge/noarch/asn1crypto-1.4.0-pyh9f0ad1d_0.tar.bz2
https://conda.anaconda.org/conda-forge/noarch/attrs-20.2.0-pyh9f0ad1d_0.tar.bz2
https://conda.anaconda.org/conda-forge/osx-64/aws-sdk-cpp-1.8.70-h49ba873_0.tar.bz2
https://conda.anaconda.org/conda-forge/noarch/backoff-1.10.0-py_0.tar.bz2
https://conda.anaconda.org/conda-forge/noarch/backports-1.0-py_2.tar.bz2
https://conda.anaconda.org/conda-forge/noarch/backports.csv-1.0.7-py_0.tar.bz2
https://conda.anaconda.org/conda-forge/noarch/boto-2.49.0-py_0.tar.bz2
https://conda.anaconda.org/conda-forge/osx-64/cctools-949.0.1-h22b1bf0_7.tar.bz2
https://conda.anaconda.org/conda-forge/osx-64/cfitsio-3.470-hdf94aef_7.tar.bz2
https://conda.anaconda.org/conda-forge/osx-64/clangxx-10.0.1-default_hf57f61e_1.tar.bz2
https://conda.anaconda.org/conda-forge/noarch/click-7.1.2-pyh9f0ad1d_0.tar.bz2
https://conda.anaconda.org/conda-forge/noarch/cloudpickle-1.6.0-py_0.tar.bz2
https://conda.anaconda.org/conda-forge/osx-64/cmake-3.18.2-hdf3d1b2_0.tar.bz2
https://conda.anaconda.org/conda-forge/noarch/colorama-0.4.4-pyh9f0ad1d_0.tar.bz2
https://conda.anaconda.org/conda-forge/noarch/cookies-2.2.1-py_0.tar.bz2
https://conda.anaconda.org/conda-forge/osx-64/curl-7.71.1-hcb81553_8.tar.bz2
https://conda.anaconda.org/conda-forge/noarch/decorator-4.4.2-py_0.tar.bz2
https://conda.anaconda.org/conda-forge/noarch/ecdsa-0.13-py_0.tar.bz2
https://conda.anaconda.org/conda-forge/osx-64/gfortran_impl_osx-64-7.5.0-h34a0dec_13.tar.bz2
https://conda.anaconda.org/conda-forge/osx-64/hdf5-1.10.6-nompi_hc457bb4_1110.tar.bz2
https://conda.anaconda.org/conda-forge/noarch/humanize-3.1.0-py_0.tar.bz2
https://conda.anaconda.org/conda-forge/osx-64/idna-2.8-py38_1000.tar.bz2
https://conda.anaconda.org/conda-forge/noarch/itsdangerous-1.1.0-py_0.tar.bz2
https://conda.anaconda.org/conda-forge/noarch/jmespath-0.10.0-pyh9f0ad1d_0.tar.bz2
https://conda.anaconda.org/conda-forge/noarch/jsondiff-1.1.2-py_0.tar.bz2
https://conda.anaconda.org/conda-forge/noarch/jsonpointer-2.0-py_0.tar.bz2
https://conda.anaconda.org/conda-forge/osx-64/lcms2-2.11-h174193d_0.tar.bz2
https://conda.anaconda.org/conda-forge/osx-64/libblas-3.9.0-2_openblas.tar.bz2
https://conda.anaconda.org/conda-forge/osx-64/log4cxx-0.10.0-h4d5c885_2.tar.bz2
https://conda.anaconda.org/conda-forge/noarch/mccabe-0.6.1-py_1.tar.bz2
https://conda.anaconda.org/conda-forge/noarch/more-itertools-8.5.0-py_0.tar.bz2
https://conda.anaconda.org/conda-forge/osx-64/ndarray-1.6.0-heb5d9f7_1.tar.bz2
https://conda.anaconda.org/conda-forge/noarch/olefile-0.46-pyh9f0ad1d_1.tar.bz2
https://conda.anaconda.org/conda-forge/osx-64/openjpeg-2.3.1-h254dc36_3.tar.bz2
https://conda.anaconda.org/conda-forge/noarch/py-1.9.0-pyh9f0ad1d_0.tar.bz2
https://conda.anaconda.org/conda-forge/noarch/pycodestyle-2.5.0-py_0.tar.bz2
https://conda.anaconda.org/conda-forge/noarch/pycparser-2.20-pyh9f0ad1d_2.tar.bz2
https://conda.anaconda.org/conda-forge/noarch/pyflakes-2.1.1-py_0.tar.bz2
https://conda.anaconda.org/conda-forge/noarch/pyparsing-2.4.7-pyh9f0ad1d_0.tar.bz2
https://conda.anaconda.org/conda-forge/osx-64/python_abi-3.8-1_cp38.tar.bz2
https://conda.anaconda.org/conda-forge/noarch/pytz-2020.1-pyh9f0ad1d_0.tar.bz2
https://conda.anaconda.org/conda-forge/noarch/six-1.15.0-pyh9f0ad1d_0.tar.bz2
https://conda.anaconda.org/conda-forge/noarch/sqlparse-0.3.1-py_0.tar.bz2
https://conda.anaconda.org/conda-forge/noarch/tabulate-0.8.7-pyh9f0ad1d_0.tar.bz2
https://conda.anaconda.org/conda-forge/noarch/termcolor-1.1.0-py_2.tar.bz2
https://conda.anaconda.org/conda-forge/noarch/threadpoolctl-2.1.0-pyh5ca1d4c_0.tar.bz2
https://conda.anaconda.org/conda-forge/noarch/toolz-0.11.1-py_0.tar.bz2
https://conda.anaconda.org/conda-forge/noarch/tqdm-4.51.0-pyh9f0ad1d_0.tar.bz2
https://conda.anaconda.org/conda-forge/noarch/werkzeug-1.0.1-pyh9f0ad1d_0.tar.bz2
https://conda.anaconda.org/conda-forge/noarch/wheel-0.35.1-pyh9f0ad1d_0.tar.bz2
https://conda.anaconda.org/conda-forge/noarch/ws4py-0.5.1-py_0.tar.bz2
https://conda.anaconda.org/conda-forge/noarch/xmltodict-0.12.0-py_0.tar.bz2
https://conda.anaconda.org/conda-forge/noarch/zipp-3.4.0-py_0.tar.bz2
https://conda.anaconda.org/conda-forge/osx-64/backports.weakref-1.0.post1-py38h32f6830_1002.tar.bz2
https://conda.anaconda.org/conda-forge/osx-64/certifi-2020.6.20-py38h5347e94_2.tar.bz2
https://conda.anaconda.org/conda-forge/osx-64/cffi-1.14.3-py38h9edaa1b_1.tar.bz2
https://conda.anaconda.org/conda-forge/osx-64/chardet-3.0.4-py38h5347e94_1008.tar.bz2
https://conda.anaconda.org/conda-forge/noarch/compiler-rt_osx-64-10.0.1-h033240e_0.tar.bz2
https://conda.anaconda.org/conda-forge/osx-64/conda-package-handling-1.7.2-py38h94c058a_0.tar.bz2
https://conda.anaconda.org/conda-forge/noarch/configobj-5.0.6-py_0.tar.bz2
https://conda.anaconda.org/conda-forge/osx-64/coverage-5.3-py38h4d0b108_1.tar.bz2
https://conda.anaconda.org/conda-forge/noarch/cycler-0.10.0-py_2.tar.bz2
https://conda.anaconda.org/conda-forge/osx-64/cython-0.29.21-py38heedec30_1.tar.bz2
https://conda.anaconda.org/conda-forge/osx-64/cytoolz-0.11.0-py38h4d0b108_1.tar.bz2
https://conda.anaconda.org/conda-forge/noarch/docker-pycreds-0.4.0-py_0.tar.bz2
https://conda.anaconda.org/conda-forge/osx-64/entrypoints-0.3-py38h32f6830_1002.tar.bz2
https://conda.anaconda.org/conda-forge/osx-64/eups-2.1.5-py38h32f6830_2.tar.bz2
https://conda.anaconda.org/conda-forge/noarch/execnet-1.7.1-py_0.tar.bz2
https://conda.anaconda.org/conda-forge/osx-64/fastavro-0.23.6-py38h64e0658_0.tar.bz2
https://conda.anaconda.org/conda-forge/osx-64/future-0.18.2-py38h32f6830_2.tar.bz2
https://conda.anaconda.org/conda-forge/osx-64/git-2.29.1-pl5262h1f02409_0.tar.bz2
https://conda.anaconda.org/conda-forge/noarch/importlib-metadata-2.0.0-py_1.tar.bz2
https://conda.anaconda.org/conda-forge/noarch/jsonpatch-1.24-py_0.tar.bz2
https://conda.anaconda.org/conda-forge/noarch/junit-xml-1.9-pyh9f0ad1d_0.tar.bz2
https://conda.anaconda.org/conda-forge/osx-64/kiwisolver-1.3.0-py38h02bb52f_0.tar.bz2
https://conda.anaconda.org/conda-forge/osx-64/libcblas-3.9.0-2_openblas.tar.bz2
https://conda.anaconda.org/conda-forge/osx-64/liblapack-3.9.0-2_openblas.tar.bz2
https://conda.anaconda.org/conda-forge/osx-64/markupsafe-1.1.1-py38h94c058a_2.tar.bz2
https://conda.anaconda.org/conda-forge/osx-64/mock-4.0.2-py38h32f6830_1.tar.bz2
https://conda.anaconda.org/conda-forge/osx-64/mpi4py-3.0.3-py38hc3a995a_2.tar.bz2
https://conda.anaconda.org/conda-forge/noarch/packaging-20.4-pyh9f0ad1d_0.tar.bz2
https://conda.anaconda.org/conda-forge/osx-64/pillow-8.0.1-py38hef457fe_0.tar.bz2
https://conda.anaconda.org/conda-forge/osx-64/pluggy-0.13.1-py38h5347e94_3.tar.bz2
https://conda.anaconda.org/conda-forge/osx-64/psutil-5.7.3-py38h94c058a_0.tar.bz2
https://conda.anaconda.org/conda-forge/osx-64/psycopg2-2.8.6-py38h52adbb4_1.tar.bz2
https://conda.anaconda.org/conda-forge/osx-64/pybind11-2.5.0-py38h02bb52f_1.tar.bz2
https://conda.anaconda.org/conda-forge/osx-64/pycosat-0.6.3-py38h94c058a_1005.tar.bz2
https://conda.anaconda.org/conda-forge/osx-64/pyrsistent-0.17.3-py38h4d0b108_1.tar.bz2
https://conda.anaconda.org/conda-forge/osx-64/pysocks-1.7.1-py38h5347e94_2.tar.bz2
https://conda.anaconda.org/conda-forge/noarch/python-dateutil-2.8.1-py_0.tar.bz2
https://conda.anaconda.org/conda-forge/osx-64/pyyaml-5.3.1-py38h94c058a_1.tar.bz2
https://conda.anaconda.org/conda-forge/osx-64/ruamel_yaml-0.15.80-py38h94c058a_1003.tar.bz2
https://conda.anaconda.org/conda-forge/osx-64/scons-4.0.1-py38h32f6830_1.tar.bz2
https://conda.anaconda.org/conda-forge/osx-64/setproctitle-1.1.10-py38h4d0b108_1003.tar.bz2
https://conda.anaconda.org/conda-forge/osx-64/sqlalchemy-1.3.20-py38h4d0b108_0.tar.bz2
https://conda.anaconda.org/conda-forge/noarch/terminaltables-3.1.0-py_0.tar.bz2
https://conda.anaconda.org/conda-forge/osx-64/tornado-6.0.4-py38h4d0b108_2.tar.bz2
https://conda.anaconda.org/conda-forge/osx-64/wcslib-7.3-h3ff2d90_0.tar.bz2
https://conda.anaconda.org/conda-forge/osx-64/websocket-client-0.57.0-py38h32f6830_3.tar.bz2
https://conda.anaconda.org/conda-forge/osx-64/wrapt-1.12.1-py38h64e0658_1.tar.bz2
https://conda.anaconda.org/conda-forge/noarch/backports.tempfile-1.0-py_0.tar.bz2
https://conda.anaconda.org/conda-forge/osx-64/brotlipy-0.7.0-py38h94c058a_1001.tar.bz2
https://conda.anaconda.org/conda-forge/noarch/cli_helpers-1.2.1-py_0.tar.bz2
https://conda.anaconda.org/conda-forge/osx-64/compiler-rt-10.0.1-he6db49b_0.tar.bz2
https://conda.anaconda.org/conda-forge/osx-64/cryptography-3.2-py38hf6767f5_0.tar.bz2
https://conda.anaconda.org/conda-forge/noarch/dask-core-2.30.0-py_0.tar.bz2
https://conda.anaconda.org/conda-forge/noarch/deprecated-1.2.10-pyh9f0ad1d_0.tar.bz2
https://conda.anaconda.org/conda-forge/osx-64/gsl-2.6-ha2d443c_0.tar.bz2
https://conda.anaconda.org/conda-forge/noarch/importlib_metadata-2.0.0-1.tar.bz2
https://conda.anaconda.org/conda-forge/osx-64/numpy-1.19.2-py38ha98150c_1.tar.bz2
https://conda.anaconda.org/conda-forge/noarch/pgspecial-1.11.10-pyh9f0ad1d_0.tar.bz2
https://conda.anaconda.org/conda-forge/osx-64/setuptools-49.6.0-py38h5347e94_2.tar.bz2
https://conda.anaconda.org/conda-forge/osx-64/arrow-cpp-2.0.0-py38he935a19_3_cpu.tar.bz2
https://conda.anaconda.org/conda-forge/noarch/asteval-0.9.16-pyh5ca1d4c_0.tar.bz2
https://conda.anaconda.org/conda-forge/osx-64/astropy-4.1-py38h4d0b108_0.tar.bz2
https://conda.anaconda.org/conda-forge/noarch/backports.functools_lru_cache-1.6.1-py_0.tar.bz2
https://conda.anaconda.org/conda-forge/osx-64/boost-1.70.0-py38hbf1eeb5_1.tar.bz2
https://conda.anaconda.org/conda-forge/osx-64/bottleneck-1.3.2-py38h174b24a_2.tar.bz2
https://conda.anaconda.org/conda-forge/osx-64/clang_osx-64-10.0.1-h05bbb7f_10.tar.bz2
https://conda.anaconda.org/conda-forge/osx-64/esutil-0.6.5-py38h6be0db6_1.tar.bz2
https://conda.anaconda.org/conda-forge/osx-64/fitsio-1.1.3-py38h8d5c3e7_1.tar.bz2
https://conda.anaconda.org/conda-forge/osx-64/flake8-3.7.9-py38h32f6830_1.tar.bz2
https://conda.anaconda.org/conda-forge/osx-64/h5py-2.10.0-nompi_py38hf6831e1_105.tar.bz2
https://conda.anaconda.org/conda-forge/osx-64/imagecodecs-2020.5.30-py38h5c28ed5_4.tar.bz2
https://conda.anaconda.org/conda-forge/noarch/imageio-2.9.0-py_0.tar.bz2
https://conda.anaconda.org/conda-forge/noarch/jinja2-2.11.2-pyh9f0ad1d_0.tar.bz2
https://conda.anaconda.org/conda-forge/noarch/joblib-0.17.0-py_0.tar.bz2
https://conda.anaconda.org/conda-forge/noarch/jsonpickle-1.4.1-pyh9f0ad1d_0.tar.bz2
https://conda.anaconda.org/conda-forge/noarch/jsonschema-3.2.0-py_2.tar.bz2
https://conda.anaconda.org/conda-forge/osx-64/lsstdesc.coord-1.2.1-py38h02bb52f_1.tar.bz2
https://conda.anaconda.org/conda-forge/osx-64/matplotlib-base-3.3.2-py38had0acaf_1.tar.bz2
https://conda.anaconda.org/conda-forge/noarch/networkx-2.5-py_0.tar.bz2
https://conda.anaconda.org/conda-forge/osx-64/numexpr-2.7.1-py38h6be0db6_3.tar.bz2
https://conda.anaconda.org/conda-forge/osx-64/pandas-1.1.3-py38h48ddb8e_2.tar.bz2
https://conda.anaconda.org/conda-forge/noarch/pip-20.2.4-py_0.tar.bz2
https://conda.anaconda.org/conda-forge/noarch/pygments-2.7.2-py_0.tar.bz2
https://conda.anaconda.org/conda-forge/noarch/pyopenssl-19.1.0-py_1.tar.bz2
https://conda.anaconda.org/conda-forge/noarch/python-jose-3.1.0-pyh9f0ad1d_0.tar.bz2
https://conda.anaconda.org/conda-forge/osx-64/pywavelets-1.1.1-py38h174b24a_3.tar.bz2
https://conda.anaconda.org/conda-forge/osx-64/scipy-1.5.2-py38hf17e0cf_2.tar.bz2
https://conda.anaconda.org/conda-forge/noarch/sshpubkeys-3.1.0-py_0.tar.bz2
https://conda.anaconda.org/conda-forge/noarch/uncertainties-3.1.4-py_0.tar.bz2
https://conda.anaconda.org/conda-forge/noarch/autograd-1.3-py_0.tar.bz2
https://conda.anaconda.org/conda-forge/osx-64/c-compiler-1.1.1-haf1e3a3_1.tar.bz2
https://conda.anaconda.org/conda-forge/osx-64/clangxx_osx-64-10.0.1-h05bbb7f_10.tar.bz2
https://conda.anaconda.org/conda-forge/noarch/flake8-polyfill-1.0.2-py_0.tar.bz2
https://conda.anaconda.org/conda-forge/noarch/flask-1.1.2-pyh9f0ad1d_0.tar.bz2
https://conda.anaconda.org/conda-forge/osx-64/galsim-2.2.4-py38h00e9f64_0.tar.bz2
https://conda.anaconda.org/conda-forge/osx-64/gfortran_osx-64-7.5.0-h1174d25_10.tar.bz2
https://conda.anaconda.org/conda-forge/noarch/lmfit-1.0.1-py_1.tar.bz2
https://conda.anaconda.org/conda-forge/noarch/parquet-cpp-1.5.1-2.tar.bz2
https://conda.anaconda.org/conda-forge/noarch/patsy-0.5.1-py_0.tar.bz2
https://conda.anaconda.org/conda-forge/osx-64/pytables-3.6.1-py38h4e4ac5c_3.tar.bz2
https://conda.anaconda.org/conda-forge/osx-64/scikit-learn-0.23.2-py38hc63f23e_1.tar.bz2
https://conda.anaconda.org/conda-forge/noarch/seaborn-base-0.11.0-py_0.tar.bz2
https://conda.anaconda.org/conda-forge/noarch/tifffile-2020.10.1-py_0.tar.bz2
https://conda.anaconda.org/conda-forge/osx-64/treecorr-4.1.5-py38h11c0d25_1.tar.bz2
https://conda.anaconda.org/conda-forge/noarch/urllib3-1.25.11-py_0.tar.bz2
https://conda.anaconda.org/conda-forge/noarch/wcwidth-0.2.5-pyh9f0ad1d_2.tar.bz2
https://conda.anaconda.org/conda-forge/noarch/botocore-1.19.6-pyh9f0ad1d_0.tar.bz2
https://conda.anaconda.org/conda-forge/osx-64/cxx-compiler-1.1.1-h879752b_1.tar.bz2
https://conda.anaconda.org/conda-forge/osx-64/fortran-compiler-1.1.1-he991be0_1.tar.bz2
https://conda.anaconda.org/conda-forge/noarch/pep8-naming-0.11.1-pyh9f0ad1d_0.tar.bz2
https://conda.anaconda.org/conda-forge/noarch/prompt-toolkit-3.0.8-py_0.tar.bz2
https://conda.anaconda.org/conda-forge/osx-64/pyarrow-2.0.0-py38hd0a7d7b_3_cpu.tar.bz2
https://conda.anaconda.org/conda-forge/osx-64/pytest-5.4.3-py38h32f6830_0.tar.bz2
https://conda.anaconda.org/conda-forge/noarch/requests-2.24.0-pyh9f0ad1d_0.tar.bz2
https://conda.anaconda.org/conda-forge/osx-64/scikit-image-0.17.2-py38h6be0db6_3.tar.bz2
https://conda.anaconda.org/conda-forge/osx-64/statsmodels-0.12.0-py38h174b24a_1.tar.bz2
https://conda.anaconda.org/conda-forge/noarch/aws-xray-sdk-0.95-py_0.tar.bz2
https://conda.anaconda.org/conda-forge/osx-64/compilers-1.1.1-1.tar.bz2
https://conda.anaconda.org/conda-forge/osx-64/conda-4.9.0-py38h5347e94_1.tar.bz2
https://conda.anaconda.org/conda-forge/osx-64/docker-py-4.3.1-py38h32f6830_1.tar.bz2
https://conda.anaconda.org/conda-forge/noarch/firefly-client-2.4.2-pyh9f0ad1d_0.tar.bz2
https://conda.anaconda.org/conda-forge/noarch/prompt_toolkit-3.0.8-0.tar.bz2
https://conda.anaconda.org/conda-forge/noarch/pytest-cov-2.10.1-pyh9f0ad1d_0.tar.bz2
https://conda.anaconda.org/conda-forge/noarch/pytest-doctestplus-0.8.0-py_0.tar.bz2
https://conda.anaconda.org/conda-forge/noarch/pytest-flake8-1.0.6-pyh9f0ad1d_0.tar.bz2
https://conda.anaconda.org/conda-forge/noarch/pytest-forked-1.2.0-pyh9f0ad1d_0.tar.bz2
https://conda.anaconda.org/conda-forge/noarch/pytest-openfiles-0.5.0-py_0.tar.bz2
https://conda.anaconda.org/conda-forge/noarch/pytest-runner-5.2-py_0.tar.bz2
https://conda.anaconda.org/conda-forge/noarch/pytest-session2file-0.1.9-py_0.tar.bz2
https://conda.anaconda.org/conda-forge/noarch/pytest-subtests-0.3.2-py_0.tar.bz2
https://conda.anaconda.org/conda-forge/noarch/responses-0.12.0-pyh9f0ad1d_0.tar.bz2
https://conda.anaconda.org/conda-forge/noarch/s3transfer-0.3.3-py_3.tar.bz2
https://conda.anaconda.org/conda-forge/osx-64/seaborn-0.11.0-0.tar.bz2
https://conda.anaconda.org/conda-forge/noarch/boto3-1.16.6-pyh9f0ad1d_0.tar.bz2
https://conda.anaconda.org/conda-forge/osx-64/healpy-1.14.0-py38ha75ea4c_1.tar.bz2
https://conda.anaconda.org/conda-forge/noarch/pgcli-3.0.0-pyh9f0ad1d_0.tar.bz2
https://conda.anaconda.org/conda-forge/noarch/pytest-xdist-1.34.0-pyh9f0ad1d_0.tar.bz2
https://conda.anaconda.org/conda-forge/noarch/aws-sam-translator-1.27.0-pyh9f0ad1d_0.tar.bz2
https://conda.anaconda.org/conda-forge/osx-64/cfn-lint-0.39.0-py38h32f6830_0.tar.bz2
https://conda.anaconda.org/conda-forge/noarch/moto-1.3.14-py_0.tar.bz2
https://conda.anaconda.org/conda-forge/osx-64/rubin-env-0.1.3-h694c41f_0.tar.bz2
