# This file may be used to create an environment using:
# $ conda create --name <env> --file <this file>
# platform: linux-64
@EXPLICIT
https://conda.anaconda.org/conda-forge/linux-64/_libgcc_mutex-0.1-conda_forge.tar.bz2
https://conda.anaconda.org/conda-forge/noarch/_sysroot_linux-64_curr_repodata_hack-3-ha9d2b57_10.tar.bz2
https://conda.anaconda.org/conda-forge/linux-64/ca-certificates-2020.6.20-hecda079_0.tar.bz2
https://conda.anaconda.org/conda-forge/linux-64/git-lfs-2.11.0-0.tar.bz2
https://conda.anaconda.org/conda-forge/linux-64/ld_impl_linux-64-2.35-h769bd43_9.tar.bz2
https://conda.anaconda.org/conda-forge/linux-64/libgcc-devel_linux-64-9.3.0-hfd08b2a_17.tar.bz2
https://conda.anaconda.org/conda-forge/linux-64/libgfortran5-9.3.0-he4bcb1c_17.tar.bz2
https://conda.anaconda.org/conda-forge/linux-64/libstdcxx-devel_linux-64-9.3.0-h4084dd6_17.tar.bz2
https://conda.anaconda.org/conda-forge/linux-64/libstdcxx-ng-9.3.0-h2ae2ef3_17.tar.bz2
https://conda.anaconda.org/conda-forge/linux-64/mpi-1.0-mpich.tar.bz2
https://conda.anaconda.org/conda-forge/noarch/kernel-headers_linux-64-3.10.0-h77966d4_10.tar.bz2
https://conda.anaconda.org/conda-forge/linux-64/libgfortran-ng-9.3.0-he4bcb1c_17.tar.bz2
https://conda.anaconda.org/conda-forge/linux-64/libgomp-9.3.0-h5dbcf3e_17.tar.bz2
https://conda.anaconda.org/conda-forge/linux-64/_openmp_mutex-4.5-1_gnu.tar.bz2
https://conda.anaconda.org/conda-forge/noarch/sysroot_linux-64-2.17-h77966d4_10.tar.bz2
https://conda.anaconda.org/conda-forge/linux-64/binutils_impl_linux-64-2.35-h18a2f87_9.tar.bz2
https://conda.anaconda.org/conda-forge/linux-64/libgcc-ng-9.3.0-h5dbcf3e_17.tar.bz2
https://conda.anaconda.org/conda-forge/linux-64/abseil-cpp-20200225.2-he1b5a44_2.tar.bz2
https://conda.anaconda.org/conda-forge/linux-64/aws-c-common-0.4.59-he1b5a44_0.tar.bz2
https://conda.anaconda.org/conda-forge/linux-64/binutils-2.35-h2122c62_9.tar.bz2
https://conda.anaconda.org/conda-forge/linux-64/binutils_linux-64-2.35-hc3fd857_29.tar.bz2
https://conda.anaconda.org/conda-forge/linux-64/blosc-1.20.1-he1b5a44_0.tar.bz2
https://conda.anaconda.org/conda-forge/linux-64/brotli-1.0.9-he1b5a44_3.tar.bz2
https://conda.anaconda.org/conda-forge/linux-64/bzip2-1.0.8-h516909a_3.tar.bz2
https://conda.anaconda.org/conda-forge/linux-64/c-ares-1.16.1-h516909a_3.tar.bz2
https://conda.anaconda.org/conda-forge/linux-64/charls-2.1.0-he1b5a44_2.tar.bz2
https://conda.anaconda.org/conda-forge/linux-64/eigen-3.3.8-hc9558a2_0.tar.bz2
https://conda.anaconda.org/conda-forge/linux-64/expat-2.2.9-he1b5a44_2.tar.bz2
https://conda.anaconda.org/conda-forge/linux-64/fftw-3.3.8-nompi_hdcdd268_1112.tar.bz2
https://conda.anaconda.org/conda-forge/linux-64/gcc_impl_linux-64-9.3.0-h28f5a38_17.tar.bz2
https://conda.anaconda.org/conda-forge/linux-64/gflags-2.2.2-he1b5a44_1004.tar.bz2
https://conda.anaconda.org/conda-forge/linux-64/giflib-5.2.1-h516909a_2.tar.bz2
https://conda.anaconda.org/conda-forge/linux-64/icu-67.1-he1b5a44_0.tar.bz2
https://conda.anaconda.org/conda-forge/linux-64/jpeg-9d-h516909a_0.tar.bz2
https://conda.anaconda.org/conda-forge/linux-64/jxrlib-1.1-h516909a_2.tar.bz2
https://conda.anaconda.org/conda-forge/linux-64/lerc-2.2-he1b5a44_0.tar.bz2
https://conda.anaconda.org/conda-forge/linux-64/libaec-1.0.4-he1b5a44_1.tar.bz2
https://conda.anaconda.org/conda-forge/linux-64/libapr-1.6.5-h516909a_2.tar.bz2
https://conda.anaconda.org/conda-forge/linux-64/libapriconv-1.2.2-h516909a_2.tar.bz2
https://conda.anaconda.org/conda-forge/linux-64/libev-4.33-h516909a_1.tar.bz2
https://conda.anaconda.org/conda-forge/linux-64/libffi-3.2.1-he1b5a44_1007.tar.bz2
https://conda.anaconda.org/conda-forge/linux-64/libiconv-1.16-h516909a_0.tar.bz2
https://conda.anaconda.org/conda-forge/linux-64/libopenblas-0.3.12-pthreads_h4812303_1.tar.bz2
https://conda.anaconda.org/conda-forge/linux-64/libutf8proc-2.5.0-h516909a_2.tar.bz2
https://conda.anaconda.org/conda-forge/linux-64/libuv-1.40.0-hd18ef5c_0.tar.bz2
https://conda.anaconda.org/conda-forge/linux-64/libwebp-base-1.1.0-h516909a_3.tar.bz2
https://conda.anaconda.org/conda-forge/linux-64/libzopfli-1.0.3-he1b5a44_0.tar.bz2
https://conda.anaconda.org/conda-forge/linux-64/lz4-c-1.9.2-he1b5a44_3.tar.bz2
https://conda.anaconda.org/conda-forge/linux-64/lzo-2.10-h516909a_1000.tar.bz2
https://conda.anaconda.org/conda-forge/linux-64/make-4.3-hd18ef5c_1.tar.bz2
https://conda.anaconda.org/conda-forge/linux-64/minuit2_standalone-6.18.00-he1b5a44_101.tar.bz2
https://conda.anaconda.org/conda-forge/linux-64/mpich-3.3.2-hc856adb_2.tar.bz2
https://conda.anaconda.org/conda-forge/linux-64/ncurses-6.2-he1b5a44_2.tar.bz2
https://conda.anaconda.org/conda-forge/linux-64/oniguruma-6.9.3-h516909a_0.tar.bz2
https://conda.anaconda.org/conda-forge/linux-64/openssl-1.1.1h-h516909a_0.tar.bz2
https://conda.anaconda.org/conda-forge/linux-64/pcre-8.44-he1b5a44_0.tar.bz2
https://conda.anaconda.org/conda-forge/linux-64/perl-5.26.2-h36c2ea0_1007.tar.bz2
https://conda.anaconda.org/conda-forge/linux-64/pthread-stubs-0.4-h14c3975_1001.tar.bz2
https://conda.anaconda.org/conda-forge/linux-64/re2-2020.10.01-he1b5a44_0.tar.bz2
https://conda.anaconda.org/conda-forge/linux-64/rhash-1.3.6-h516909a_1001.tar.bz2
https://conda.anaconda.org/conda-forge/linux-64/snappy-1.1.8-he1b5a44_3.tar.bz2
https://conda.anaconda.org/conda-forge/linux-64/xorg-kbproto-1.0.7-h14c3975_1002.tar.bz2
https://conda.anaconda.org/conda-forge/linux-64/xorg-libxau-1.0.9-h14c3975_0.tar.bz2
https://conda.anaconda.org/conda-forge/linux-64/xorg-libxdmcp-1.1.3-h516909a_0.tar.bz2
https://conda.anaconda.org/conda-forge/linux-64/xorg-xproto-7.0.31-h14c3975_1007.tar.bz2
https://conda.anaconda.org/conda-forge/linux-64/xpa-2.1.20-he1b5a44_0.tar.bz2
https://conda.anaconda.org/conda-forge/linux-64/xz-5.2.5-h516909a_1.tar.bz2
https://conda.anaconda.org/conda-forge/linux-64/yaml-0.2.5-h516909a_0.tar.bz2
https://conda.anaconda.org/conda-forge/linux-64/zfp-0.5.5-he1b5a44_4.tar.bz2
https://conda.anaconda.org/conda-forge/linux-64/zlib-1.2.11-h516909a_1010.tar.bz2
https://conda.anaconda.org/conda-forge/linux-64/aws-checksums-0.1.9-he252421_2.tar.bz2
https://conda.anaconda.org/conda-forge/linux-64/brunsli-0.1-he1b5a44_0.tar.bz2
https://conda.anaconda.org/conda-forge/linux-64/doxygen-1.8.20-h0e019cf_0.tar.bz2
https://conda.anaconda.org/conda-forge/linux-64/gcc_linux-64-9.3.0-h7247604_29.tar.bz2
https://conda.anaconda.org/conda-forge/linux-64/gettext-0.19.8.1-hf34092f_1004.tar.bz2
https://conda.anaconda.org/conda-forge/linux-64/gfortran_impl_linux-64-9.3.0-h2bb4189_17.tar.bz2
https://conda.anaconda.org/conda-forge/linux-64/glog-0.4.0-h49b9bf7_3.tar.bz2
https://conda.anaconda.org/conda-forge/linux-64/gxx_impl_linux-64-9.3.0-h53cdd4c_17.tar.bz2
https://conda.anaconda.org/conda-forge/linux-64/jq-1.6-h14c3975_1000.tar.bz2
https://conda.anaconda.org/conda-forge/linux-64/libaprutil-1.6.1-ha1d75be_2.tar.bz2
https://conda.anaconda.org/conda-forge/linux-64/libblas-3.9.0-2_openblas.tar.bz2
https://conda.anaconda.org/conda-forge/linux-64/libedit-3.1.20191231-he28a2e2_2.tar.bz2
https://conda.anaconda.org/conda-forge/linux-64/libevent-2.1.10-hcdb4288_3.tar.bz2
https://conda.anaconda.org/conda-forge/linux-64/libnghttp2-1.41.0-h8cfc5f6_2.tar.bz2
https://conda.anaconda.org/conda-forge/linux-64/libpng-1.6.37-hed695b0_2.tar.bz2
https://conda.anaconda.org/conda-forge/linux-64/libprotobuf-3.13.0.1-h8b12597_0.tar.bz2
https://conda.anaconda.org/conda-forge/linux-64/libssh2-1.9.0-hab1572f_5.tar.bz2
https://conda.anaconda.org/conda-forge/linux-64/libxcb-1.13-h14c3975_1002.tar.bz2
https://conda.anaconda.org/conda-forge/linux-64/minuit2-6.18.00-minuit2_standalone.tar.bz2
https://conda.anaconda.org/conda-forge/linux-64/ndarray-1.6.0-h92c5536_1.tar.bz2
https://conda.anaconda.org/conda-forge/linux-64/readline-8.0-he28a2e2_2.tar.bz2
https://conda.anaconda.org/conda-forge/linux-64/starlink-ast-9.2.3-h516909a_0.tar.bz2
https://conda.anaconda.org/conda-forge/linux-64/tk-8.6.10-hed695b0_1.tar.bz2
https://conda.anaconda.org/conda-forge/linux-64/zstd-1.4.5-h6597ccf_2.tar.bz2
https://conda.anaconda.org/conda-forge/linux-64/apr-1.6.5-h516909a_2.tar.bz2
https://conda.anaconda.org/conda-forge/linux-64/aws-c-event-stream-0.1.6-h84e28f3_5.tar.bz2
https://conda.anaconda.org/conda-forge/linux-64/boost-cpp-1.70.0-h7b93d67_3.tar.bz2
https://conda.anaconda.org/conda-forge/linux-64/c-compiler-1.1.1-hc970988_1.tar.bz2
https://conda.anaconda.org/conda-forge/linux-64/freetype-2.10.4-he06d7ca_0.tar.bz2
https://conda.anaconda.org/conda-forge/linux-64/gfortran_linux-64-9.3.0-ha1c937c_29.tar.bz2
https://conda.anaconda.org/conda-forge/linux-64/grpc-cpp-1.33.2-h7997a97_0.tar.bz2
https://conda.anaconda.org/conda-forge/linux-64/gxx_linux-64-9.3.0-h0d07fa4_29.tar.bz2
https://conda.anaconda.org/conda-forge/linux-64/krb5-1.17.1-hfafb76e_3.tar.bz2
https://conda.anaconda.org/conda-forge/linux-64/libcblas-3.9.0-2_openblas.tar.bz2
https://conda.anaconda.org/conda-forge/linux-64/liblapack-3.9.0-2_openblas.tar.bz2
https://conda.anaconda.org/conda-forge/linux-64/libthrift-0.13.0-h5aa387f_6.tar.bz2
https://conda.anaconda.org/conda-forge/linux-64/libtiff-4.1.0-hc7e4089_6.tar.bz2
https://conda.anaconda.org/conda-forge/linux-64/orc-1.6.5-hd3605a7_0.tar.bz2
https://conda.anaconda.org/conda-forge/linux-64/sqlite-3.33.0-h4cf870e_1.tar.bz2
https://conda.anaconda.org/conda-forge/linux-64/xorg-libx11-1.6.12-h516909a_0.tar.bz2
https://conda.anaconda.org/conda-forge/linux-64/cxx-compiler-1.1.1-h19d8c11_1.tar.bz2
https://conda.anaconda.org/conda-forge/linux-64/fortran-compiler-1.1.1-hbb7d975_1.tar.bz2
https://conda.anaconda.org/conda-forge/linux-64/gsl-2.6-h294904e_0.tar.bz2
https://conda.anaconda.org/conda-forge/linux-64/lcms2-2.11-hbd6801e_0.tar.bz2
https://conda.anaconda.org/conda-forge/linux-64/libcurl-7.71.1-hcdd3856_8.tar.bz2
https://conda.anaconda.org/conda-forge/linux-64/libpq-12.3-h5513abc_2.tar.bz2
https://conda.anaconda.org/conda-forge/linux-64/log4cxx-0.10.0-hc32143a_2.tar.bz2
https://conda.anaconda.org/conda-forge/linux-64/openjpeg-2.3.1-h981e76c_3.tar.bz2
https://conda.anaconda.org/conda-forge/linux-64/pgplot-5.2.2-h07066d1_1007.tar.bz2
https://conda.anaconda.org/conda-forge/linux-64/python-3.8.6-h852b56e_0_cpython.tar.bz2
https://conda.anaconda.org/conda-forge/noarch/apipkg-1.5-py_0.tar.bz2
https://conda.anaconda.org/conda-forge/noarch/appdirs-1.4.4-pyh9f0ad1d_0.tar.bz2
https://conda.anaconda.org/conda-forge/noarch/asn1crypto-1.4.0-pyh9f0ad1d_0.tar.bz2
https://conda.anaconda.org/conda-forge/noarch/attrs-20.2.0-pyh9f0ad1d_0.tar.bz2
https://conda.anaconda.org/conda-forge/linux-64/aws-sdk-cpp-1.8.70-h9b98462_0.tar.bz2
https://conda.anaconda.org/conda-forge/noarch/backoff-1.10.0-py_0.tar.bz2
https://conda.anaconda.org/conda-forge/noarch/backports-1.0-py_2.tar.bz2
https://conda.anaconda.org/conda-forge/noarch/backports.csv-1.0.7-py_0.tar.bz2
https://conda.anaconda.org/conda-forge/noarch/boto-2.49.0-py_0.tar.bz2
https://conda.anaconda.org/conda-forge/linux-64/cfitsio-3.470-h0392d32_7.tar.bz2
https://conda.anaconda.org/conda-forge/noarch/click-7.1.2-pyh9f0ad1d_0.tar.bz2
https://conda.anaconda.org/conda-forge/noarch/cloudpickle-1.6.0-py_0.tar.bz2
https://conda.anaconda.org/conda-forge/linux-64/cmake-3.18.2-h3f3948e_0.tar.bz2
https://conda.anaconda.org/conda-forge/noarch/colorama-0.4.4-pyh9f0ad1d_0.tar.bz2
https://conda.anaconda.org/conda-forge/linux-64/compilers-1.1.1-1.tar.bz2
https://conda.anaconda.org/conda-forge/noarch/cookies-2.2.1-py_0.tar.bz2
https://conda.anaconda.org/conda-forge/linux-64/curl-7.71.1-he644dc0_8.tar.bz2
https://conda.anaconda.org/conda-forge/noarch/decorator-4.4.2-py_0.tar.bz2
https://conda.anaconda.org/conda-forge/noarch/ecdsa-0.13-py_0.tar.bz2
https://conda.anaconda.org/conda-forge/linux-64/hdf5-1.10.6-nompi_h1022a3e_1110.tar.bz2
https://conda.anaconda.org/conda-forge/noarch/humanize-3.1.0-py_0.tar.bz2
https://conda.anaconda.org/conda-forge/linux-64/idna-2.8-py38_1000.tar.bz2
https://conda.anaconda.org/conda-forge/noarch/itsdangerous-1.1.0-py_0.tar.bz2
https://conda.anaconda.org/conda-forge/noarch/jmespath-0.10.0-pyh9f0ad1d_0.tar.bz2
https://conda.anaconda.org/conda-forge/noarch/jsondiff-1.1.2-py_0.tar.bz2
https://conda.anaconda.org/conda-forge/noarch/jsonpointer-2.0-py_0.tar.bz2
https://conda.anaconda.org/conda-forge/noarch/mccabe-0.6.1-py_1.tar.bz2
https://conda.anaconda.org/conda-forge/noarch/more-itertools-8.5.0-py_0.tar.bz2
https://conda.anaconda.org/conda-forge/noarch/olefile-0.46-pyh9f0ad1d_1.tar.bz2
https://conda.anaconda.org/conda-forge/noarch/py-1.9.0-pyh9f0ad1d_0.tar.bz2
https://conda.anaconda.org/conda-forge/noarch/pycodestyle-2.5.0-py_0.tar.bz2
https://conda.anaconda.org/conda-forge/noarch/pycparser-2.20-pyh9f0ad1d_2.tar.bz2
https://conda.anaconda.org/conda-forge/noarch/pyflakes-2.1.1-py_0.tar.bz2
https://conda.anaconda.org/conda-forge/noarch/pyparsing-2.4.7-pyh9f0ad1d_0.tar.bz2
https://conda.anaconda.org/conda-forge/linux-64/python_abi-3.8-1_cp38.tar.bz2
https://conda.anaconda.org/conda-forge/noarch/pytz-2020.1-pyh9f0ad1d_0.tar.bz2
https://conda.anaconda.org/conda-forge/noarch/six-1.15.0-pyh9f0ad1d_0.tar.bz2
https://conda.anaconda.org/conda-forge/noarch/sqlparse-0.3.1-py_0.tar.bz2
https://conda.anaconda.org/conda-forge/noarch/tabulate-0.8.7-pyh9f0ad1d_0.tar.bz2
https://conda.anaconda.org/conda-forge/noarch/termcolor-1.1.0-py_2.tar.bz2
https://conda.anaconda.org/conda-forge/noarch/threadpoolctl-2.1.0-pyh5ca1d4c_0.tar.bz2
https://conda.anaconda.org/conda-forge/noarch/toolz-0.11.1-py_0.tar.bz2
https://conda.anaconda.org/conda-forge/noarch/tqdm-4.51.0-pyh9f0ad1d_0.tar.bz2
https://conda.anaconda.org/conda-forge/noarch/werkzeug-1.0.1-pyh9f0ad1d_0.tar.bz2
https://conda.anaconda.org/conda-forge/noarch/wheel-0.35.1-pyh9f0ad1d_0.tar.bz2
https://conda.anaconda.org/conda-forge/noarch/ws4py-0.5.1-py_0.tar.bz2
https://conda.anaconda.org/conda-forge/noarch/xmltodict-0.12.0-py_0.tar.bz2
https://conda.anaconda.org/conda-forge/noarch/zipp-3.4.0-py_0.tar.bz2
https://conda.anaconda.org/conda-forge/linux-64/backports.weakref-1.0.post1-py38h32f6830_1002.tar.bz2
https://conda.anaconda.org/conda-forge/linux-64/certifi-2020.6.20-py38h924ce5b_2.tar.bz2
https://conda.anaconda.org/conda-forge/linux-64/cffi-1.14.3-py38h1bdcb99_1.tar.bz2
https://conda.anaconda.org/conda-forge/linux-64/chardet-3.0.4-py38h924ce5b_1008.tar.bz2
https://conda.anaconda.org/conda-forge/linux-64/conda-package-handling-1.7.2-py38h8df0ef7_0.tar.bz2
https://conda.anaconda.org/conda-forge/noarch/configobj-5.0.6-py_0.tar.bz2
https://conda.anaconda.org/conda-forge/linux-64/coverage-5.3-py38h1e0a361_1.tar.bz2
https://conda.anaconda.org/conda-forge/noarch/cycler-0.10.0-py_2.tar.bz2
https://conda.anaconda.org/conda-forge/linux-64/cython-0.29.21-py38h348cfbe_1.tar.bz2
https://conda.anaconda.org/conda-forge/linux-64/cytoolz-0.11.0-py38h1e0a361_1.tar.bz2
https://conda.anaconda.org/conda-forge/noarch/docker-pycreds-0.4.0-py_0.tar.bz2
https://conda.anaconda.org/conda-forge/linux-64/entrypoints-0.3-py38h32f6830_1002.tar.bz2
https://conda.anaconda.org/conda-forge/noarch/execnet-1.7.1-py_0.tar.bz2
https://conda.anaconda.org/conda-forge/linux-64/fastavro-0.23.6-py38h1e0a361_0.tar.bz2
https://conda.anaconda.org/conda-forge/linux-64/future-0.18.2-py38h32f6830_2.tar.bz2
https://conda.anaconda.org/conda-forge/linux-64/git-2.29.1-pl5262he3b78ea_0.tar.bz2
https://conda.anaconda.org/conda-forge/noarch/importlib-metadata-2.0.0-py_1.tar.bz2
https://conda.anaconda.org/conda-forge/noarch/jsonpatch-1.24-py_0.tar.bz2
https://conda.anaconda.org/conda-forge/noarch/junit-xml-1.9-pyh9f0ad1d_0.tar.bz2
https://conda.anaconda.org/conda-forge/linux-64/kiwisolver-1.3.0-py38hbf85e49_0.tar.bz2
https://conda.anaconda.org/conda-forge/linux-64/markupsafe-1.1.1-py38h8df0ef7_2.tar.bz2
https://conda.anaconda.org/conda-forge/linux-64/mock-4.0.2-py38h32f6830_1.tar.bz2
https://conda.anaconda.org/conda-forge/linux-64/mpi4py-3.0.3-py38h4a80816_2.tar.bz2
https://conda.anaconda.org/conda-forge/linux-64/numpy-1.19.2-py38hf89b668_1.tar.bz2
https://conda.anaconda.org/conda-forge/noarch/packaging-20.4-pyh9f0ad1d_0.tar.bz2
https://conda.anaconda.org/conda-forge/linux-64/pillow-8.0.1-py38h9776b28_0.tar.bz2
https://conda.anaconda.org/conda-forge/linux-64/pluggy-0.13.1-py38h924ce5b_3.tar.bz2
https://conda.anaconda.org/conda-forge/linux-64/psutil-5.7.3-py38h8df0ef7_0.tar.bz2
https://conda.anaconda.org/conda-forge/linux-64/psycopg2-2.8.6-py38h766eaa4_1.tar.bz2
https://conda.anaconda.org/conda-forge/linux-64/pybind11-2.5.0-py38hbf85e49_1.tar.bz2
https://conda.anaconda.org/conda-forge/linux-64/pycosat-0.6.3-py38h8df0ef7_1005.tar.bz2
https://conda.anaconda.org/conda-forge/linux-64/pyrsistent-0.17.3-py38h1e0a361_1.tar.bz2
https://conda.anaconda.org/conda-forge/linux-64/pysocks-1.7.1-py38h924ce5b_2.tar.bz2
https://conda.anaconda.org/conda-forge/noarch/python-dateutil-2.8.1-py_0.tar.bz2
https://conda.anaconda.org/conda-forge/linux-64/pyyaml-5.3.1-py38h8df0ef7_1.tar.bz2
https://conda.anaconda.org/conda-forge/linux-64/ruamel_yaml-0.15.80-py38h8df0ef7_1003.tar.bz2
https://conda.anaconda.org/conda-forge/linux-64/scons-4.0.1-py38h32f6830_1.tar.bz2
https://conda.anaconda.org/conda-forge/linux-64/setproctitle-1.1.10-py38h1e0a361_1003.tar.bz2
https://conda.anaconda.org/conda-forge/linux-64/sqlalchemy-1.3.20-py38h1e0a361_0.tar.bz2
https://conda.anaconda.org/conda-forge/noarch/terminaltables-3.1.0-py_0.tar.bz2
https://conda.anaconda.org/conda-forge/linux-64/tornado-6.0.4-py38h1e0a361_2.tar.bz2
https://conda.anaconda.org/conda-forge/linux-64/wcslib-7.3-ha89d231_0.tar.bz2
https://conda.anaconda.org/conda-forge/linux-64/websocket-client-0.57.0-py38h32f6830_3.tar.bz2
https://conda.anaconda.org/conda-forge/linux-64/wrapt-1.12.1-py38h1e0a361_1.tar.bz2
https://conda.anaconda.org/conda-forge/linux-64/arrow-cpp-2.0.0-py38h3adaf4d_3_cpu.tar.bz2
https://conda.anaconda.org/conda-forge/linux-64/astropy-4.1-py38h1e0a361_0.tar.bz2
https://conda.anaconda.org/conda-forge/noarch/backports.tempfile-1.0-py_0.tar.bz2
https://conda.anaconda.org/conda-forge/linux-64/boost-1.70.0-py38h9de70de_1.tar.bz2
https://conda.anaconda.org/conda-forge/linux-64/bottleneck-1.3.2-py38hab2c0dc_2.tar.bz2
https://conda.anaconda.org/conda-forge/linux-64/brotlipy-0.7.0-py38h8df0ef7_1001.tar.bz2
https://conda.anaconda.org/conda-forge/noarch/cli_helpers-1.2.1-py_0.tar.bz2
https://conda.anaconda.org/conda-forge/linux-64/cryptography-3.2-py38hb23e4d4_0.tar.bz2
https://conda.anaconda.org/conda-forge/noarch/dask-core-2.30.0-py_0.tar.bz2
https://conda.anaconda.org/conda-forge/noarch/deprecated-1.2.10-pyh9f0ad1d_0.tar.bz2
https://conda.anaconda.org/conda-forge/linux-64/esutil-0.6.5-py38hc5bc63f_1.tar.bz2
https://conda.anaconda.org/conda-forge/linux-64/h5py-2.10.0-nompi_py38h7442b35_105.tar.bz2
https://conda.anaconda.org/conda-forge/linux-64/imagecodecs-2020.5.30-py38h63741c2_4.tar.bz2
https://conda.anaconda.org/conda-forge/noarch/imageio-2.9.0-py_0.tar.bz2
https://conda.anaconda.org/conda-forge/noarch/importlib_metadata-2.0.0-1.tar.bz2
https://conda.anaconda.org/conda-forge/linux-64/lsstdesc.coord-1.2.1-py38hbf85e49_1.tar.bz2
https://conda.anaconda.org/conda-forge/linux-64/pandas-1.1.3-py38hddd6c8b_2.tar.bz2
https://conda.anaconda.org/conda-forge/noarch/pgspecial-1.11.10-pyh9f0ad1d_0.tar.bz2
https://conda.anaconda.org/conda-forge/linux-64/pywavelets-1.1.1-py38hab2c0dc_3.tar.bz2
https://conda.anaconda.org/conda-forge/linux-64/scipy-1.5.2-py38hd9480d8_2.tar.bz2
https://conda.anaconda.org/conda-forge/linux-64/setuptools-49.6.0-py38h924ce5b_2.tar.bz2
https://conda.anaconda.org/conda-forge/noarch/uncertainties-3.1.4-py_0.tar.bz2
https://conda.anaconda.org/conda-forge/noarch/asteval-0.9.16-pyh5ca1d4c_0.tar.bz2
https://conda.anaconda.org/conda-forge/noarch/autograd-1.3-py_0.tar.bz2
https://conda.anaconda.org/conda-forge/noarch/backports.functools_lru_cache-1.6.1-py_0.tar.bz2
https://conda.anaconda.org/conda-forge/linux-64/fitsio-1.1.3-py38hcb9a3af_1.tar.bz2
https://conda.anaconda.org/conda-forge/linux-64/flake8-3.7.9-py38h32f6830_1.tar.bz2
https://conda.anaconda.org/conda-forge/linux-64/galsim-2.2.4-py38ha294250_0.tar.bz2
https://conda.anaconda.org/conda-forge/noarch/jinja2-2.11.2-pyh9f0ad1d_0.tar.bz2
https://conda.anaconda.org/conda-forge/noarch/joblib-0.17.0-py_0.tar.bz2
https://conda.anaconda.org/conda-forge/noarch/jsonpickle-1.4.1-pyh9f0ad1d_0.tar.bz2
https://conda.anaconda.org/conda-forge/noarch/jsonschema-3.2.0-py_2.tar.bz2
https://conda.anaconda.org/conda-forge/linux-64/matplotlib-base-3.3.2-py38h4d1ce4f_1.tar.bz2
https://conda.anaconda.org/conda-forge/noarch/networkx-2.5-py_0.tar.bz2
https://conda.anaconda.org/conda-forge/linux-64/numexpr-2.7.1-py38hc5bc63f_3.tar.bz2
https://conda.anaconda.org/conda-forge/noarch/parquet-cpp-1.5.1-2.tar.bz2
https://conda.anaconda.org/conda-forge/noarch/patsy-0.5.1-py_0.tar.bz2
https://conda.anaconda.org/conda-forge/noarch/pip-20.2.4-py_0.tar.bz2
https://conda.anaconda.org/conda-forge/noarch/pygments-2.7.2-py_0.tar.bz2
https://conda.anaconda.org/conda-forge/noarch/pyopenssl-19.1.0-py_1.tar.bz2
https://conda.anaconda.org/conda-forge/noarch/python-jose-3.1.0-pyh9f0ad1d_0.tar.bz2
https://conda.anaconda.org/conda-forge/noarch/sshpubkeys-3.1.0-py_0.tar.bz2
https://conda.anaconda.org/conda-forge/noarch/tifffile-2020.10.1-py_0.tar.bz2
https://conda.anaconda.org/conda-forge/noarch/flake8-polyfill-1.0.2-py_0.tar.bz2
https://conda.anaconda.org/conda-forge/noarch/flask-1.1.2-pyh9f0ad1d_0.tar.bz2
https://conda.anaconda.org/conda-forge/noarch/lmfit-1.0.1-py_1.tar.bz2
https://conda.anaconda.org/conda-forge/linux-64/pyarrow-2.0.0-py38h85297b1_3_cpu.tar.bz2
https://conda.anaconda.org/conda-forge/linux-64/pytables-3.6.1-py38hf9f05d5_3.tar.bz2
https://conda.anaconda.org/conda-forge/linux-64/scikit-image-0.17.2-py38hc5bc63f_3.tar.bz2
https://conda.anaconda.org/conda-forge/linux-64/scikit-learn-0.23.2-py38h519568a_1.tar.bz2
https://conda.anaconda.org/conda-forge/noarch/seaborn-base-0.11.0-py_0.tar.bz2
https://conda.anaconda.org/conda-forge/linux-64/statsmodels-0.12.0-py38hab2c0dc_1.tar.bz2
https://conda.anaconda.org/conda-forge/linux-64/treecorr-4.1.5-py38h950e882_1.tar.bz2
https://conda.anaconda.org/conda-forge/noarch/urllib3-1.25.11-py_0.tar.bz2
https://conda.anaconda.org/conda-forge/noarch/wcwidth-0.2.5-pyh9f0ad1d_2.tar.bz2
https://conda.anaconda.org/conda-forge/noarch/botocore-1.19.6-pyh9f0ad1d_0.tar.bz2
https://conda.anaconda.org/conda-forge/noarch/pep8-naming-0.11.1-pyh9f0ad1d_0.tar.bz2
https://conda.anaconda.org/conda-forge/noarch/prompt-toolkit-3.0.8-py_0.tar.bz2
https://conda.anaconda.org/conda-forge/linux-64/pytest-5.4.3-py38h32f6830_0.tar.bz2
https://conda.anaconda.org/conda-forge/noarch/requests-2.24.0-pyh9f0ad1d_0.tar.bz2
https://conda.anaconda.org/conda-forge/linux-64/seaborn-0.11.0-0.tar.bz2
https://conda.anaconda.org/conda-forge/noarch/aws-xray-sdk-0.95-py_0.tar.bz2
https://conda.anaconda.org/conda-forge/linux-64/conda-4.9.0-py38h924ce5b_1.tar.bz2
https://conda.anaconda.org/conda-forge/linux-64/docker-py-4.3.1-py38h32f6830_1.tar.bz2
https://conda.anaconda.org/conda-forge/noarch/firefly-client-2.4.2-pyh9f0ad1d_0.tar.bz2
https://conda.anaconda.org/conda-forge/noarch/prompt_toolkit-3.0.8-0.tar.bz2
https://conda.anaconda.org/conda-forge/noarch/pytest-cov-2.10.1-pyh9f0ad1d_0.tar.bz2
https://conda.anaconda.org/conda-forge/noarch/pytest-doctestplus-0.8.0-py_0.tar.bz2
https://conda.anaconda.org/conda-forge/noarch/pytest-flake8-1.0.6-pyh9f0ad1d_0.tar.bz2
https://conda.anaconda.org/conda-forge/noarch/pytest-forked-1.2.0-pyh9f0ad1d_0.tar.bz2
https://conda.anaconda.org/conda-forge/noarch/pytest-openfiles-0.5.0-py_0.tar.bz2
https://conda.anaconda.org/conda-forge/noarch/pytest-runner-5.2-py_0.tar.bz2
https://conda.anaconda.org/conda-forge/noarch/pytest-session2file-0.1.9-py_0.tar.bz2
https://conda.anaconda.org/conda-forge/noarch/pytest-subtests-0.3.2-py_0.tar.bz2
https://conda.anaconda.org/conda-forge/noarch/responses-0.12.0-pyh9f0ad1d_0.tar.bz2
https://conda.anaconda.org/conda-forge/noarch/s3transfer-0.3.3-py_3.tar.bz2
https://conda.anaconda.org/conda-forge/noarch/boto3-1.16.6-pyh9f0ad1d_0.tar.bz2
https://conda.anaconda.org/conda-forge/linux-64/healpy-1.14.0-py38h87dc44b_1.tar.bz2
https://conda.anaconda.org/conda-forge/noarch/pgcli-3.0.0-pyh9f0ad1d_0.tar.bz2
https://conda.anaconda.org/conda-forge/noarch/pytest-xdist-1.34.0-pyh9f0ad1d_0.tar.bz2
https://conda.anaconda.org/conda-forge/noarch/aws-sam-translator-1.27.0-pyh9f0ad1d_0.tar.bz2
https://conda.anaconda.org/conda-forge/linux-64/cfn-lint-0.39.0-py38h32f6830_0.tar.bz2
https://conda.anaconda.org/conda-forge/noarch/moto-1.3.14-py_0.tar.bz2
https://conda.anaconda.org/conda-forge/linux-64/rubin-env-0.1.3-ha770c72_0.tar.bz2
