# This file may be used to create an environment using:
# $ conda create --name <env> --file <this file>
# platform: linux-64
@EXPLICIT
https://conda.anaconda.org/conda-forge/linux-64/git-lfs-2.13.1-ha770c72_0.tar.bz2
https://conda.anaconda.org/conda-forge/linux-64/nlohmann_json-3.9.1-he1b5a44_0.tar.bz2
https://conda.anaconda.org/conda-forge/linux-64/_libgcc_mutex-0.1-conda_forge.tar.bz2
https://conda.anaconda.org/conda-forge/linux-64/ca-certificates-2020.12.5-ha878542_0.tar.bz2
https://conda.anaconda.org/conda-forge/noarch/kernel-headers_linux-64-2.6.32-h77966d4_13.tar.bz2
https://conda.anaconda.org/conda-forge/linux-64/ld_impl_linux-64-2.35.1-hea4e1c9_1.tar.bz2
https://conda.anaconda.org/conda-forge/linux-64/libgcc-devel_linux-64-9.3.0-hfd08b2a_17.tar.bz2
https://conda.anaconda.org/conda-forge/linux-64/libgfortran5-9.3.0-he4bcb1c_17.tar.bz2
https://conda.anaconda.org/conda-forge/linux-64/libstdcxx-devel_linux-64-9.3.0-h4084dd6_17.tar.bz2
https://conda.anaconda.org/conda-forge/linux-64/libstdcxx-ng-9.3.0-h2ae2ef3_17.tar.bz2
https://conda.anaconda.org/conda-forge/linux-64/libgfortran-ng-9.3.0-he4bcb1c_17.tar.bz2
https://conda.anaconda.org/conda-forge/linux-64/libgomp-9.3.0-h5dbcf3e_17.tar.bz2
https://conda.anaconda.org/conda-forge/noarch/sysroot_linux-64-2.12-h77966d4_13.tar.bz2
https://conda.anaconda.org/conda-forge/linux-64/_openmp_mutex-4.5-1_gnu.tar.bz2
https://conda.anaconda.org/conda-forge/linux-64/binutils_impl_linux-64-2.35.1-h193b22a_1.tar.bz2
https://conda.anaconda.org/conda-forge/linux-64/binutils-2.35.1-hdd6e379_1.tar.bz2
https://conda.anaconda.org/conda-forge/linux-64/binutils_linux-64-2.35-hc3fd857_29.tar.bz2
https://conda.anaconda.org/conda-forge/linux-64/libgcc-ng-9.3.0-h5dbcf3e_17.tar.bz2
https://conda.anaconda.org/conda-forge/linux-64/alsa-lib-1.2.3-h516909a_0.tar.bz2
https://conda.anaconda.org/conda-forge/linux-64/bzip2-1.0.8-h7f98852_4.tar.bz2
https://conda.anaconda.org/conda-forge/linux-64/c-ares-1.17.1-h36c2ea0_0.tar.bz2
https://conda.anaconda.org/conda-forge/linux-64/expat-2.2.9-he1b5a44_2.tar.bz2
https://conda.anaconda.org/conda-forge/linux-64/gcc_impl_linux-64-9.3.0-h28f5a38_17.tar.bz2
https://conda.anaconda.org/conda-forge/linux-64/giflib-5.2.1-h36c2ea0_2.tar.bz2
https://conda.anaconda.org/conda-forge/linux-64/graphite2-1.3.13-h58526e2_1001.tar.bz2
https://conda.anaconda.org/conda-forge/linux-64/icu-67.1-he1b5a44_0.tar.bz2
https://conda.anaconda.org/conda-forge/linux-64/jemalloc-5.2.1-he1b5a44_4.tar.bz2
https://conda.anaconda.org/conda-forge/linux-64/jpeg-9d-h36c2ea0_0.tar.bz2
https://conda.anaconda.org/conda-forge/linux-64/libapr-1.6.5-h516909a_2.tar.bz2
https://conda.anaconda.org/conda-forge/linux-64/libapriconv-1.2.2-h516909a_2.tar.bz2
https://conda.anaconda.org/conda-forge/linux-64/libev-4.33-h516909a_1.tar.bz2
https://conda.anaconda.org/conda-forge/linux-64/libffi-3.3-h58526e2_2.tar.bz2
https://conda.anaconda.org/conda-forge/linux-64/libiconv-1.16-h516909a_0.tar.bz2
https://conda.anaconda.org/conda-forge/linux-64/libopenblas-0.3.12-pthreads_h4812303_1.tar.bz2
https://conda.anaconda.org/conda-forge/linux-64/libuuid-2.32.1-h7f98852_1000.tar.bz2
https://conda.anaconda.org/conda-forge/linux-64/libuv-1.40.0-hd18ef5c_0.tar.bz2
https://conda.anaconda.org/conda-forge/linux-64/libwebp-base-1.1.0-h36c2ea0_3.tar.bz2
https://conda.anaconda.org/conda-forge/linux-64/lz4-c-1.9.2-he1b5a44_3.tar.bz2
https://conda.anaconda.org/conda-forge/linux-64/m4-1.4.18-h516909a_1001.tar.bz2
https://conda.anaconda.org/conda-forge/linux-64/make-4.3-hd18ef5c_1.tar.bz2
https://conda.anaconda.org/conda-forge/linux-64/ncurses-6.2-h58526e2_4.tar.bz2
https://conda.anaconda.org/conda-forge/linux-64/openssl-1.1.1i-h7f98852_0.tar.bz2
https://conda.anaconda.org/conda-forge/linux-64/pcre-8.44-he1b5a44_0.tar.bz2
https://conda.anaconda.org/conda-forge/linux-64/perl-5.32.0-h36c2ea0_0.tar.bz2
https://conda.anaconda.org/conda-forge/linux-64/pixman-0.40.0-h36c2ea0_0.tar.bz2
https://conda.anaconda.org/conda-forge/linux-64/pkg-config-0.29.2-h36c2ea0_1008.tar.bz2
https://conda.anaconda.org/conda-forge/linux-64/pthread-stubs-0.4-h36c2ea0_1001.tar.bz2
https://conda.anaconda.org/conda-forge/linux-64/rhash-1.3.6-h516909a_1001.tar.bz2
https://conda.anaconda.org/conda-forge/linux-64/xorg-inputproto-2.3.2-h14c3975_1002.tar.bz2
https://conda.anaconda.org/conda-forge/linux-64/xorg-kbproto-1.0.7-h14c3975_1002.tar.bz2
https://conda.anaconda.org/conda-forge/linux-64/xorg-libice-1.0.10-h516909a_0.tar.bz2
https://conda.anaconda.org/conda-forge/linux-64/xorg-libxau-1.0.9-h14c3975_0.tar.bz2
https://conda.anaconda.org/conda-forge/linux-64/xorg-libxdmcp-1.1.3-h516909a_0.tar.bz2
https://conda.anaconda.org/conda-forge/linux-64/xorg-recordproto-1.14.2-h516909a_1002.tar.bz2
https://conda.anaconda.org/conda-forge/linux-64/xorg-renderproto-0.11.1-h14c3975_1002.tar.bz2
https://conda.anaconda.org/conda-forge/linux-64/xorg-xextproto-7.3.0-h14c3975_1002.tar.bz2
https://conda.anaconda.org/conda-forge/linux-64/xorg-xproto-7.0.31-h7f98852_1007.tar.bz2
https://conda.anaconda.org/conda-forge/linux-64/xz-5.2.5-h516909a_1.tar.bz2
https://conda.anaconda.org/conda-forge/linux-64/yaml-0.2.5-h516909a_0.tar.bz2
https://conda.anaconda.org/conda-forge/linux-64/zlib-1.2.11-h516909a_1010.tar.bz2
https://conda.anaconda.org/conda-forge/linux-64/doxygen-1.8.20-had0d8f1_0.tar.bz2
https://conda.anaconda.org/conda-forge/linux-64/flex-2.6.4-h58526e2_1004.tar.bz2
https://conda.anaconda.org/conda-forge/linux-64/gcc_linux-64-9.3.0-h7247604_29.tar.bz2
https://conda.anaconda.org/conda-forge/linux-64/gettext-0.19.8.1-h0b5b191_1005.tar.bz2
https://conda.anaconda.org/conda-forge/linux-64/gfortran_impl_linux-64-9.3.0-h2bb4189_17.tar.bz2
https://conda.anaconda.org/conda-forge/linux-64/gxx_impl_linux-64-9.3.0-h53cdd4c_17.tar.bz2
https://conda.anaconda.org/conda-forge/linux-64/libaprutil-1.6.1-ha1d75be_2.tar.bz2
https://conda.anaconda.org/conda-forge/linux-64/libblas-3.9.0-3_openblas.tar.bz2
https://conda.anaconda.org/conda-forge/linux-64/libedit-3.1.20191231-he28a2e2_2.tar.bz2
https://conda.anaconda.org/conda-forge/linux-64/libevent-2.1.10-hcdb4288_3.tar.bz2
https://conda.anaconda.org/conda-forge/linux-64/libnghttp2-1.41.0-h8cfc5f6_2.tar.bz2
https://conda.anaconda.org/conda-forge/linux-64/libpng-1.6.37-h21135ba_2.tar.bz2
https://conda.anaconda.org/conda-forge/linux-64/libprotobuf-3.14.0-h780b84a_0.tar.bz2
https://conda.anaconda.org/conda-forge/linux-64/libssh2-1.9.0-hab1572f_5.tar.bz2
https://conda.anaconda.org/conda-forge/linux-64/libxcb-1.13-h14c3975_1002.tar.bz2
https://conda.anaconda.org/conda-forge/linux-64/libxml2-2.9.10-h68273f3_2.tar.bz2
https://conda.anaconda.org/conda-forge/linux-64/mysql-connector-c-6.1.11-h6eb9d5d_1007.tar.bz2
https://conda.anaconda.org/conda-forge/linux-64/readline-8.0-he28a2e2_2.tar.bz2
https://conda.anaconda.org/conda-forge/linux-64/tk-8.6.10-h21135ba_1.tar.bz2
https://conda.anaconda.org/conda-forge/linux-64/xorg-fixesproto-5.0-h14c3975_1002.tar.bz2
https://conda.anaconda.org/conda-forge/linux-64/xorg-libsm-1.2.3-h84519dc_1000.tar.bz2
https://conda.anaconda.org/conda-forge/linux-64/zstd-1.4.5-h6597ccf_2.tar.bz2
https://conda.anaconda.org/conda-forge/linux-64/apr-1.6.5-h516909a_2.tar.bz2
https://conda.anaconda.org/conda-forge/linux-64/boost-cpp-1.70.0-h7b93d67_3.tar.bz2
https://conda.anaconda.org/conda-forge/linux-64/c-compiler-1.1.3-h7f98852_0.tar.bz2
https://conda.anaconda.org/conda-forge/linux-64/freetype-2.10.4-h7ca028e_0.tar.bz2
https://conda.anaconda.org/conda-forge/linux-64/gfortran_linux-64-9.3.0-ha1c937c_29.tar.bz2
https://conda.anaconda.org/conda-forge/linux-64/gxx_linux-64-9.3.0-h0d07fa4_29.tar.bz2
https://conda.anaconda.org/conda-forge/linux-64/krb5-1.17.2-h926e7f8_0.tar.bz2
https://conda.anaconda.org/conda-forge/linux-64/libcblas-3.9.0-3_openblas.tar.bz2
https://conda.anaconda.org/conda-forge/linux-64/libglib-2.66.3-h1f3bc88_1.tar.bz2
https://conda.anaconda.org/conda-forge/linux-64/liblapack-3.9.0-3_openblas.tar.bz2
https://conda.anaconda.org/conda-forge/linux-64/libtiff-4.1.0-h4f3a223_6.tar.bz2
https://conda.anaconda.org/conda-forge/linux-64/sqlite-3.34.0-h74cdb3f_0.tar.bz2
https://conda.anaconda.org/conda-forge/linux-64/xorg-libx11-1.6.12-h516909a_0.tar.bz2
https://conda.anaconda.org/conda-forge/linux-64/cxx-compiler-1.1.3-h4bd325d_0.tar.bz2
https://conda.anaconda.org/conda-forge/linux-64/fontconfig-2.13.1-h7e3eb15_1002.tar.bz2
https://conda.anaconda.org/conda-forge/linux-64/fortran-compiler-1.1.3-h1990efc_0.tar.bz2
https://conda.anaconda.org/conda-forge/linux-64/lcms2-2.11-hcbb858e_1.tar.bz2
https://conda.anaconda.org/conda-forge/linux-64/libcurl-7.71.1-hcdd3856_8.tar.bz2
https://conda.anaconda.org/conda-forge/linux-64/log4cxx-0.11.0-h18915e7_2.tar.bz2
https://conda.anaconda.org/conda-forge/linux-64/python-3.8.6-hffdb5ce_1_cpython.tar.bz2
https://conda.anaconda.org/conda-forge/linux-64/xorg-libxext-1.3.4-h516909a_0.tar.bz2
https://conda.anaconda.org/conda-forge/linux-64/xorg-libxfixes-5.0.3-h516909a_1004.tar.bz2
https://conda.anaconda.org/conda-forge/linux-64/xorg-libxrender-0.9.10-h516909a_1002.tar.bz2
https://conda.anaconda.org/conda-forge/noarch/apipkg-1.5-py_0.tar.bz2
https://conda.anaconda.org/conda-forge/noarch/attrs-20.3.0-pyhd3deb0d_0.tar.bz2
https://conda.anaconda.org/conda-forge/noarch/backports-1.0-py_2.tar.bz2
https://conda.anaconda.org/conda-forge/linux-64/cairo-1.16.0-h9f066cc_1006.tar.bz2
https://conda.anaconda.org/conda-forge/noarch/click-7.1.2-pyh9f0ad1d_0.tar.bz2
https://conda.anaconda.org/conda-forge/linux-64/cmake-3.19.1-h1f3970d_0.tar.bz2
https://conda.anaconda.org/conda-forge/linux-64/compilers-1.1.3-ha770c72_0.tar.bz2
https://conda.anaconda.org/conda-forge/linux-64/curl-7.71.1-he644dc0_8.tar.bz2
https://conda.anaconda.org/conda-forge/noarch/entrypoints-0.3-pyhd8ed1ab_1003.tar.bz2
https://conda.anaconda.org/conda-forge/linux-64/glib-2.66.3-h9c3ff4c_1.tar.bz2
https://conda.anaconda.org/conda-forge/noarch/idna-2.10-pyh9f0ad1d_0.tar.bz2
https://conda.anaconda.org/conda-forge/noarch/itsdangerous-1.1.0-py_0.tar.bz2
https://conda.anaconda.org/conda-forge/noarch/mccabe-0.6.1-py_1.tar.bz2
https://conda.anaconda.org/conda-forge/noarch/more-itertools-8.6.0-pyhd8ed1ab_0.tar.bz2
https://conda.anaconda.org/conda-forge/noarch/py-1.10.0-pyhd3deb0d_0.tar.bz2
https://conda.anaconda.org/conda-forge/noarch/pycodestyle-2.5.0-py_0.tar.bz2
https://conda.anaconda.org/conda-forge/noarch/pycparser-2.20-pyh9f0ad1d_2.tar.bz2
https://conda.anaconda.org/conda-forge/noarch/pyflakes-2.1.1-py_0.tar.bz2
https://conda.anaconda.org/conda-forge/noarch/pymysql-0.10.1-pyhd3deb0d_0.tar.bz2
https://conda.anaconda.org/conda-forge/noarch/pyparsing-2.4.7-pyh9f0ad1d_0.tar.bz2
https://conda.anaconda.org/conda-forge/linux-64/python_abi-3.8-1_cp38.tar.bz2
https://conda.anaconda.org/conda-forge/noarch/six-1.15.0-pyh9f0ad1d_0.tar.bz2
https://conda.anaconda.org/conda-forge/noarch/werkzeug-1.0.1-pyh9f0ad1d_0.tar.bz2
https://conda.anaconda.org/conda-forge/noarch/wheel-0.36.2-pyhd3deb0d_0.tar.bz2
https://conda.anaconda.org/conda-forge/linux-64/xorg-libxi-1.7.10-h516909a_0.tar.bz2
https://conda.anaconda.org/conda-forge/linux-64/certifi-2020.12.5-py38h578d9bd_0.tar.bz2
https://conda.anaconda.org/conda-forge/linux-64/cffi-1.14.4-py38ha65f79e_1.tar.bz2
https://conda.anaconda.org/conda-forge/linux-64/chardet-4.0.0-py38h578d9bd_0.tar.bz2
https://conda.anaconda.org/conda-forge/linux-64/coverage-5.3-py38h497a2fe_1.tar.bz2
https://conda.anaconda.org/conda-forge/noarch/execnet-1.7.1-py_0.tar.bz2
https://conda.anaconda.org/conda-forge/linux-64/future-0.18.2-py38h578d9bd_2.tar.bz2
https://conda.anaconda.org/conda-forge/linux-64/git-2.29.2-pl5320h78be0e9_1.tar.bz2
https://conda.anaconda.org/conda-forge/linux-64/harfbuzz-2.7.2-ha5b49bf_1.tar.bz2
https://conda.anaconda.org/conda-forge/linux-64/markupsafe-1.1.1-py38h8df0ef7_2.tar.bz2
https://conda.anaconda.org/conda-forge/linux-64/mysqlclient-2.0.1-py38h950e882_1.tar.bz2
https://conda.anaconda.org/conda-forge/linux-64/numpy-1.19.4-py38h18fd61f_2.tar.bz2
https://conda.anaconda.org/conda-forge/noarch/packaging-20.8-pyhd3deb0d_0.tar.bz2
https://conda.anaconda.org/conda-forge/linux-64/pluggy-0.13.1-py38h924ce5b_3.tar.bz2
https://conda.anaconda.org/conda-forge/linux-64/psutil-5.7.3-py38h8df0ef7_0.tar.bz2
https://conda.anaconda.org/conda-forge/linux-64/pybind11-global-2.6.1-py38h1fd1430_2.tar.bz2
https://conda.anaconda.org/conda-forge/linux-64/pysocks-1.7.1-py38h924ce5b_2.tar.bz2
https://conda.anaconda.org/conda-forge/linux-64/pyyaml-5.3.1-py38h8df0ef7_1.tar.bz2
https://conda.anaconda.org/conda-forge/linux-64/scons-4.0.1-py38h578d9bd_1.tar.bz2
https://conda.anaconda.org/conda-forge/linux-64/sqlalchemy-1.3.20-py38h497a2fe_0.tar.bz2
https://conda.anaconda.org/conda-forge/linux-64/wrapt-1.12.1-py38h25fe258_2.tar.bz2
https://conda.anaconda.org/conda-forge/linux-64/xorg-libxtst-1.2.3-h516909a_1002.tar.bz2
https://conda.anaconda.org/conda-forge/linux-64/boost-1.70.0-py38h9de70de_1.tar.bz2
https://conda.anaconda.org/conda-forge/linux-64/brotlipy-0.7.0-py38h8df0ef7_1001.tar.bz2
https://conda.anaconda.org/conda-forge/linux-64/cryptography-3.3.1-py38h2b97feb_0.tar.bz2
https://conda.anaconda.org/conda-forge/noarch/deprecated-1.2.10-pyh9f0ad1d_0.tar.bz2
https://conda.anaconda.org/conda-forge/linux-64/openjdk-11.0.8-hacce0ff_0.tar.bz2
https://conda.anaconda.org/conda-forge/linux-64/pybind11-2.6.1-py38h1fd1430_2.tar.bz2
https://conda.anaconda.org/conda-forge/linux-64/setuptools-49.6.0-py38h924ce5b_2.tar.bz2
https://conda.anaconda.org/conda-forge/noarch/backports.functools_lru_cache-1.6.1-py_0.tar.bz2
https://conda.anaconda.org/conda-forge/linux-64/flake8-3.7.9-py38h32f6830_1.tar.bz2
https://conda.anaconda.org/conda-forge/noarch/jinja2-2.11.2-pyh9f0ad1d_0.tar.bz2
https://conda.anaconda.org/conda-forge/noarch/pip-20.3.3-pyhd8ed1ab_0.tar.bz2
https://conda.anaconda.org/conda-forge/linux-64/protobuf-3.14.0-py38h709712a_0.tar.bz2
https://conda.anaconda.org/conda-forge/noarch/pyopenssl-20.0.1-pyhd8ed1ab_0.tar.bz2
https://conda.anaconda.org/conda-forge/noarch/flake8-polyfill-1.0.2-py_0.tar.bz2
https://conda.anaconda.org/conda-forge/noarch/flask-1.1.2-pyh9f0ad1d_0.tar.bz2
https://conda.anaconda.org/conda-forge/noarch/urllib3-1.26.2-pyhd8ed1ab_0.tar.bz2
https://conda.anaconda.org/conda-forge/noarch/wcwidth-0.2.5-pyh9f0ad1d_2.tar.bz2
https://conda.anaconda.org/conda-forge/noarch/pep8-naming-0.11.1-pyh9f0ad1d_0.tar.bz2
https://conda.anaconda.org/conda-forge/linux-64/pytest-5.4.3-py38h32f6830_0.tar.bz2
https://conda.anaconda.org/conda-forge/noarch/requests-2.25.1-pyhd3deb0d_0.tar.bz2
https://conda.anaconda.org/conda-forge/noarch/pytest-cov-2.10.1-pyh9f0ad1d_0.tar.bz2
https://conda.anaconda.org/conda-forge/noarch/pytest-doctestplus-0.8.0-pyhd8ed1ab_1.tar.bz2
https://conda.anaconda.org/conda-forge/noarch/pytest-flake8-1.0.6-pyh9f0ad1d_0.tar.bz2
https://conda.anaconda.org/conda-forge/noarch/pytest-forked-1.2.0-pyh9f0ad1d_0.tar.bz2
https://conda.anaconda.org/conda-forge/noarch/pytest-runner-5.2-py_0.tar.bz2
https://conda.anaconda.org/conda-forge/noarch/pytest-session2file-0.1.9-py_0.tar.bz2
https://conda.anaconda.org/conda-forge/noarch/pytest-subtests-0.3.2-py_0.tar.bz2
https://conda.anaconda.org/conda-forge/noarch/pytest-xdist-1.34.0-pyh9f0ad1d_0.tar.bz2
